github.com/k2-fsa/sherpa-onnx-go v1.12.35 h1:0awAxgw4j2ZrtC3xZGY4C+f/iYdAhOdcDKnsd1Zk8Bo=
github.com/k2-fsa/sherpa-onnx-go v1.12.35/go.mod h1:B/ynRbVa5gpYoZYeYgY3zPi4MTfKk95UZueZDSIhbjk=
github.com/k2-fsa/sherpa-onnx-go-linux v1.12.36 h1:y5eOxZIZJpv1dFNP4fkzOhPSoAxYTekuTd5b9q7prq0=
github.com/k2-fsa/sherpa-onnx-go-linux v1.12.36/go.mod h1:NXEH2rsBgTdqY59YpPq6CtSBlBAXy/8a9FmpLERU97I=
github.com/k2-fsa/sherpa-onnx-go-macos v1.12.36 h1:PIMXtHE4YPK7d/JnUdgwGRYpZuDpi0Snn/++7XivsnM=
github.com/k2-fsa/sherpa-onnx-go-macos v1.12.36/go.mod h1:ZOhUAXC62Unj0ZNfu6zxSFKcW96aXf7P3BsqiUyOBbE=
github.com/k2-fsa/sherpa-onnx-go-windows v1.12.36 h1:YZL1Ooe8vfZglNkOku1S4yOmmPC+Ipvl0Q9KQgOyMgs=
github.com/k2-fsa/sherpa-onnx-go-windows v1.12.36/go.mod h1:5AX7TU8+P/gInjglY1ijtWUM2b8iyR0QX4yEngzMe64=
