github.com/k2-fsa/sherpa-onnx-go v1.12.35 h1:0awAxgw4j2ZrtC3xZGY4C+f/iYdAhOdcDKnsd1Zk8Bo=
github.com/k2-fsa/sherpa-onnx-go v1.12.35/go.mod h1:B/ynRbVa5gpYoZYeYgY3zPi4MTfKk95UZueZDSIhbjk=
github.com/k2-fsa/sherpa-onnx-go v1.12.38 h1:Uj59IpwHFwoPiq9uIdRR+sEC91+NorDCMoMQB0Z/lqY=
github.com/k2-fsa/sherpa-onnx-go v1.12.38/go.mod h1:0JDFIFM1mz9j6tzWv3CZpOwKuo4B18E9NH1p/lTE9EA=
github.com/k2-fsa/sherpa-onnx-go v1.12.39 h1:fmKY+tSsJiwRrztFdBMNcT0D51Sr/xJzNdrU33Laxqg=
github.com/k2-fsa/sherpa-onnx-go v1.12.39/go.mod h1:zuQ9AuRwJe7DOcopATdL2efzPMyyAa+t22l+VlwaoUo=
github.com/k2-fsa/sherpa-onnx-go-linux v1.12.36 h1:y5eOxZIZJpv1dFNP4fkzOhPSoAxYTekuTd5b9q7prq0=
github.com/k2-fsa/sherpa-onnx-go-linux v1.12.36/go.mod h1:NXEH2rsBgTdqY59YpPq6CtSBlBAXy/8a9FmpLERU97I=
github.com/k2-fsa/sherpa-onnx-go-linux v1.12.38 h1:FL8FqwuFzQUCj7YC0FRwXZpzbEtQUIxsTLaHBXzPRcI=
github.com/k2-fsa/sherpa-onnx-go-linux v1.12.38/go.mod h1:NXEH2rsBgTdqY59YpPq6CtSBlBAXy/8a9FmpLERU97I=
github.com/k2-fsa/sherpa-onnx-go-linux v1.12.39 h1:Ywe2eU9f/oJNxVwj21U+vZaMIQqsRGxWXWIU4jjZYjA=
github.com/k2-fsa/sherpa-onnx-go-linux v1.12.39/go.mod h1:NXEH2rsBgTdqY59YpPq6CtSBlBAXy/8a9FmpLERU97I=
github.com/k2-fsa/sherpa-onnx-go-macos v1.12.36 h1:PIMXtHE4YPK7d/JnUdgwGRYpZuDpi0Snn/++7XivsnM=
github.com/k2-fsa/sherpa-onnx-go-macos v1.12.36/go.mod h1:ZOhUAXC62Unj0ZNfu6zxSFKcW96aXf7P3BsqiUyOBbE=
github.com/k2-fsa/sherpa-onnx-go-macos v1.12.38 h1:eWrTJLDS9eMg/YeA2ckflj3EzzKiJu3FtN3Dq1f0RDA=
github.com/k2-fsa/sherpa-onnx-go-macos v1.12.38/go.mod h1:ZOhUAXC62Unj0ZNfu6zxSFKcW96aXf7P3BsqiUyOBbE=
github.com/k2-fsa/sherpa-onnx-go-macos v1.12.39 h1:UmQFt3V9c6yn/IL+94bQxmwhcjRGkAfvgjrLPU8EPA8=
github.com/k2-fsa/sherpa-onnx-go-macos v1.12.39/go.mod h1:ZOhUAXC62Unj0ZNfu6zxSFKcW96aXf7P3BsqiUyOBbE=
github.com/k2-fsa/sherpa-onnx-go-windows v1.12.36 h1:YZL1Ooe8vfZglNkOku1S4yOmmPC+Ipvl0Q9KQgOyMgs=
github.com/k2-fsa/sherpa-onnx-go-windows v1.12.36/go.mod h1:5AX7TU8+P/gInjglY1ijtWUM2b8iyR0QX4yEngzMe64=
github.com/k2-fsa/sherpa-onnx-go-windows v1.12.38 h1:L3vEjurKJtGgd5GPbVZQPmrUtcZOVjGsDXbGUc/DdfI=
github.com/k2-fsa/sherpa-onnx-go-windows v1.12.38/go.mod h1:5AX7TU8+P/gInjglY1ijtWUM2b8iyR0QX4yEngzMe64=
github.com/k2-fsa/sherpa-onnx-go-windows v1.12.39 h1:7Nhok2j52K4gLLg6nheLvE1PbsvppQYYKlvilmxcco4=
github.com/k2-fsa/sherpa-onnx-go-windows v1.12.39/go.mod h1:5AX7TU8+P/gInjglY1ijtWUM2b8iyR0QX4yEngzMe64=
